
Microsoft Visual Studio Solution File, Format Version 12.00
# Visual Studio Version 16
VisualStudioVersion = 16.0.29905.134
MinimumVisualStudioVersion = 10.0.40219.1
Project("{FAE04EC0-301F-11D3-BF4B-00C04F79EFBC}") = "TheSuperComputer", "TheSuperComputer\TheSuperComputer.csproj", "{5FD7F82D-5104-4F3A-ABAD-9939D089AABA}"
EndProject
Global
	GlobalSection(SolutionConfigurationPlatforms) = preSolution
		Debug|Any CPU = Debug|Any CPU
		Release|Any CPU = Release|Any CPU
	EndGlobalSection
	GlobalSection(ProjectConfigurationPlatforms) = postSolution
		{5FD7F82D-5104-4F3A-ABAD-9939D089AABA}.Debug|Any CPU.ActiveCfg = Debug|Any CPU
		{5FD7F82D-5104-4F3A-ABAD-9939D089AABA}.Debug|Any CPU.Build.0 = Debug|Any CPU
		{5FD7F82D-5104-4F3A-ABAD-9939D089AABA}.Release|Any CPU.ActiveCfg = Release|Any CPU
		{5FD7F82D-5104-4F3A-ABAD-9939D089AABA}.Release|Any CPU.Build.0 = Release|Any CPU
	EndGlobalSection
	GlobalSection(SolutionProperties) = preSolution
		HideSolutionNode = FALSE
	EndGlobalSection
	GlobalSection(ExtensibilityGlobals) = postSolution
		SolutionGuid = {4F11BB5F-8E1E-478C-AFE8-D91A84E0E23D}
	EndGlobalSection
EndGlobal
